// !$*UTF8*$!
{
	archiveVersion = 1;
	classes = {
	};
	objectVersion = 56;
	objects = {

/* Begin PBXBuildFile section */
		FC23D8782A45B1FC0025A082 /* LoginError.swift in Sources */ = {isa = PBXBuildFile; fileRef = FC23D8772A45B1FC0025A082 /* LoginError.swift */; };
		FC23D87A2A45BC260025A082 /* Reachability.swift in Sources */ = {isa = PBXBuildFile; fileRef = FC23D8792A45BC260025A082 /* Reachability.swift */; };
		FC4A4EC12A4C34FE00367318 /* User.swift in Sources */ = {isa = PBXBuildFile; fileRef = FC4A4EC02A4C34FE00367318 /* User.swift */; };
		FC4A4EC32A4C40B600367318 /* TextFieldDelegate.swift in Sources */ = {isa = PBXBuildFile; fileRef = FC4A4EC22A4C40B600367318 /* TextFieldDelegate.swift */; };
		FC4A4EC52A4C762A00367318 /* NewLocationViewController.swift in Sources */ = {isa = PBXBuildFile; fileRef = FC4A4EC42A4C762A00367318 /* NewLocationViewController.swift */; };
		FC4A4EC72A4C766E00367318 /* SubmittedNewLocationViewController.swift in Sources */ = {isa = PBXBuildFile; fileRef = FC4A4EC62A4C766E00367318 /* SubmittedNewLocationViewController.swift */; };
		FC4A4ECF2A4CA38B00367318 /* Reachability in Frameworks */ = {isa = PBXBuildFile; productRef = FC4A4ECE2A4CA38B00367318 /* Reachability */; };
		FC518BC82A35DE0B005C23BD /* LoginRequest.swift in Sources */ = {isa = PBXBuildFile; fileRef = FC518BC72A35DE0B005C23BD /* LoginRequest.swift */; };
		FC518BCA2A35DEE0005C23BD /* SessionResponse.swift in Sources */ = {isa = PBXBuildFile; fileRef = FC518BC92A35DEE0005C23BD /* SessionResponse.swift */; };
		FC9002AD2A42F5E600F90E0D /* StudentTVController.swift in Sources */ = {isa = PBXBuildFile; fileRef = FC9002AC2A42F5E600F90E0D /* StudentTVController.swift */; };
		FC994BA02A2F2E78003702C8 /* AppDelegate.swift in Sources */ = {isa = PBXBuildFile; fileRef = FC994B9F2A2F2E78003702C8 /* AppDelegate.swift */; };
		FC994BA22A2F2E78003702C8 /* SceneDelegate.swift in Sources */ = {isa = PBXBuildFile; fileRef = FC994BA12A2F2E78003702C8 /* SceneDelegate.swift */; };
		FC994BA72A2F2E78003702C8 /* Main.storyboard in Resources */ = {isa = PBXBuildFile; fileRef = FC994BA52A2F2E78003702C8 /* Main.storyboard */; };
		FC994BA92A2F2E7C003702C8 /* Assets.xcassets in Resources */ = {isa = PBXBuildFile; fileRef = FC994BA82A2F2E7C003702C8 /* Assets.xcassets */; };
		FC994BAC2A2F2E7C003702C8 /* LaunchScreen.storyboard in Resources */ = {isa = PBXBuildFile; fileRef = FC994BAA2A2F2E7C003702C8 /* LaunchScreen.storyboard */; };
		FC994BB62A2F304F003702C8 /* OTMClient.swift in Sources */ = {isa = PBXBuildFile; fileRef = FC994BB52A2F304F003702C8 /* OTMClient.swift */; };
		FC994BB92A2F3447003702C8 /* StudentsResult.swift in Sources */ = {isa = PBXBuildFile; fileRef = FC994BB82A2F3447003702C8 /* StudentsResult.swift */; };
		FC994BBB2A2F3479003702C8 /* Student.swift in Sources */ = {isa = PBXBuildFile; fileRef = FC994BBA2A2F3479003702C8 /* Student.swift */; };
		FC994BBD2A2F3C2F003702C8 /* StudentModel.swift in Sources */ = {isa = PBXBuildFile; fileRef = FC994BBC2A2F3C2F003702C8 /* StudentModel.swift */; };
		FC994BC02A2F3E13003702C8 /* OTMPostResponse.swift in Sources */ = {isa = PBXBuildFile; fileRef = FC994BBF2A2F3E13003702C8 /* OTMPostResponse.swift */; };
		FC994BC22A2F3FB3003702C8 /* PostStudent.swift in Sources */ = {isa = PBXBuildFile; fileRef = FC994BC12A2F3FB3003702C8 /* PostStudent.swift */; };
		FC994BC42A2F8000003702C8 /* OTMPutResponse.swift in Sources */ = {isa = PBXBuildFile; fileRef = FC994BC32A2F8000003702C8 /* OTMPutResponse.swift */; };
		FCA9CA6A2A439422007471C0 /* OTMHttpClient.swift in Sources */ = {isa = PBXBuildFile; fileRef = FCA9CA692A439422007471C0 /* OTMHttpClient.swift */; };
		FCA9CA6C2A44487C007471C0 /* MapStudentController.swift in Sources */ = {isa = PBXBuildFile; fileRef = FCA9CA6B2A44487C007471C0 /* MapStudentController.swift */; };
		FCAA61322A419F6B00852439 /* LoginViewController.swift in Sources */ = {isa = PBXBuildFile; fileRef = FCAA61312A419F6B00852439 /* LoginViewController.swift */; };
/* End PBXBuildFile section */

/* Begin PBXFileReference section */
		FC23D8772A45B1FC0025A082 /* LoginError.swift */ = {isa = PBXFileReference; lastKnownFileType = sourcecode.swift; path = LoginError.swift; sourceTree = "<group>"; };
		FC23D8792A45BC260025A082 /* Reachability.swift */ = {isa = PBXFileReference; fileEncoding = 4; lastKnownFileType = sourcecode.swift; path = Reachability.swift; sourceTree = "<group>"; };
		FC4A4EC02A4C34FE00367318 /* User.swift */ = {isa = PBXFileReference; lastKnownFileType = sourcecode.swift; path = User.swift; sourceTree = "<group>"; };
		FC4A4EC22A4C40B600367318 /* TextFieldDelegate.swift */ = {isa = PBXFileReference; lastKnownFileType = sourcecode.swift; path = TextFieldDelegate.swift; sourceTree = "<group>"; };
		FC4A4EC42A4C762A00367318 /* NewLocationViewController.swift */ = {isa = PBXFileReference; lastKnownFileType = sourcecode.swift; path = NewLocationViewController.swift; sourceTree = "<group>"; };
		FC4A4EC62A4C766E00367318 /* SubmittedNewLocationViewController.swift */ = {isa = PBXFileReference; lastKnownFileType = sourcecode.swift; path = SubmittedNewLocationViewController.swift; sourceTree = "<group>"; };
		FC518BC72A35DE0B005C23BD /* LoginRequest.swift */ = {isa = PBXFileReference; lastKnownFileType = sourcecode.swift; path = LoginRequest.swift; sourceTree = "<group>"; };
		FC518BC92A35DEE0005C23BD /* SessionResponse.swift */ = {isa = PBXFileReference; lastKnownFileType = sourcecode.swift; path = SessionResponse.swift; sourceTree = "<group>"; };
		FC9002AC2A42F5E600F90E0D /* StudentTVController.swift */ = {isa = PBXFileReference; lastKnownFileType = sourcecode.swift; path = StudentTVController.swift; sourceTree = "<group>"; };
		FC994B9C2A2F2E78003702C8 /* OnTheMap.app */ = {isa = PBXFileReference; explicitFileType = wrapper.application; includeInIndex = 0; path = OnTheMap.app; sourceTree = BUILT_PRODUCTS_DIR; };
		FC994B9F2A2F2E78003702C8 /* AppDelegate.swift */ = {isa = PBXFileReference; lastKnownFileType = sourcecode.swift; path = AppDelegate.swift; sourceTree = "<group>"; };
		FC994BA12A2F2E78003702C8 /* SceneDelegate.swift */ = {isa = PBXFileReference; lastKnownFileType = sourcecode.swift; path = SceneDelegate.swift; sourceTree = "<group>"; };
		FC994BA62A2F2E78003702C8 /* Base */ = {isa = PBXFileReference; lastKnownFileType = file.storyboard; name = Base; path = Base.lproj/Main.storyboard; sourceTree = "<group>"; };
		FC994BA82A2F2E7C003702C8 /* Assets.xcassets */ = {isa = PBXFileReference; lastKnownFileType = folder.assetcatalog; path = Assets.xcassets; sourceTree = "<group>"; };
		FC994BAB2A2F2E7C003702C8 /* Base */ = {isa = PBXFileReference; lastKnownFileType = file.storyboard; name = Base; path = Base.lproj/LaunchScreen.storyboard; sourceTree = "<group>"; };
		FC994BAD2A2F2E7C003702C8 /* Info.plist */ = {isa = PBXFileReference; lastKnownFileType = text.plist.xml; path = Info.plist; sourceTree = "<group>"; };
		FC994BB52A2F304F003702C8 /* OTMClient.swift */ = {isa = PBXFileReference; lastKnownFileType = sourcecode.swift; path = OTMClient.swift; sourceTree = "<group>"; };
		FC994BB82A2F3447003702C8 /* StudentsResult.swift */ = {isa = PBXFileReference; lastKnownFileType = sourcecode.swift; path = StudentsResult.swift; sourceTree = "<group>"; };
		FC994BBA2A2F3479003702C8 /* Student.swift */ = {isa = PBXFileReference; lastKnownFileType = sourcecode.swift; path = Student.swift; sourceTree = "<group>"; };
		FC994BBC2A2F3C2F003702C8 /* StudentModel.swift */ = {isa = PBXFileReference; lastKnownFileType = sourcecode.swift; path = StudentModel.swift; sourceTree = "<group>"; };
		FC994BBF2A2F3E13003702C8 /* OTMPostResponse.swift */ = {isa = PBXFileReference; lastKnownFileType = sourcecode.swift; path = OTMPostResponse.swift; sourceTree = "<group>"; };
		FC994BC12A2F3FB3003702C8 /* PostStudent.swift */ = {isa = PBXFileReference; lastKnownFileType = sourcecode.swift; path = PostStudent.swift; sourceTree = "<group>"; };
		FC994BC32A2F8000003702C8 /* OTMPutResponse.swift */ = {isa = PBXFileReference; lastKnownFileType = sourcecode.swift; path = OTMPutResponse.swift; sourceTree = "<group>"; };
		FCA9CA692A439422007471C0 /* OTMHttpClient.swift */ = {isa = PBXFileReference; lastKnownFileType = sourcecode.swift; path = OTMHttpClient.swift; sourceTree = "<group>"; };
		FCA9CA6B2A44487C007471C0 /* MapStudentController.swift */ = {isa = PBXFileReference; lastKnownFileType = sourcecode.swift; path = MapStudentController.swift; sourceTree = "<group>"; };
		FCAA61312A419F6B00852439 /* LoginViewController.swift */ = {isa = PBXFileReference; lastKnownFileType = sourcecode.swift; path = LoginViewController.swift; sourceTree = "<group>"; };
/* End PBXFileReference section */

/* Begin PBXFrameworksBuildPhase section */
		FC994B992A2F2E78003702C8 /* Frameworks */ = {
			isa = PBXFrameworksBuildPhase;
			buildActionMask = 2147483647;
			files = (
				FC4A4ECF2A4CA38B00367318 /* Reachability in Frameworks */,
			);
			runOnlyForDeploymentPostprocessing = 0;
		};
/* End PBXFrameworksBuildPhase section */

/* Begin PBXGroup section */
		FC4A4EC92A4C9C4300367318 /* View */ = {
			isa = PBXGroup;
			children = (
				FCAA61312A419F6B00852439 /* LoginViewController.swift */,
				FC9002AC2A42F5E600F90E0D /* StudentTVController.swift */,
				FCA9CA6B2A44487C007471C0 /* MapStudentController.swift */,
				FC4A4EC42A4C762A00367318 /* NewLocationViewController.swift */,
				FC4A4EC62A4C766E00367318 /* SubmittedNewLocationViewController.swift */,
			);
			path = View;
			sourceTree = "<group>";
		};
		FC994B932A2F2E78003702C8 = {
			isa = PBXGroup;
			children = (
				FC994B9E2A2F2E78003702C8 /* OnTheMap */,
				FC994B9D2A2F2E78003702C8 /* Products */,
			);
			sourceTree = "<group>";
		};
		FC994B9D2A2F2E78003702C8 /* Products */ = {
			isa = PBXGroup;
			children = (
				FC994B9C2A2F2E78003702C8 /* OnTheMap.app */,
			);
			name = Products;
			sourceTree = "<group>";
		};
		FC994B9E2A2F2E78003702C8 /* OnTheMap */ = {
			isa = PBXGroup;
			children = (
				FCA77E252A44615500384803 /* Data */,
				FC4A4EC92A4C9C4300367318 /* View */,
				FC994BB42A2F302B003702C8 /* OTMClient */,
				FC994BB72A2F342D003702C8 /* OTMResponse */,
				FC994BB32A2F2FCD003702C8 /* OTMRequest */,
				FC994B9F2A2F2E78003702C8 /* AppDelegate.swift */,
				FC994BA12A2F2E78003702C8 /* SceneDelegate.swift */,
				FC4A4EC22A4C40B600367318 /* TextFieldDelegate.swift */,
				FC994BA52A2F2E78003702C8 /* Main.storyboard */,
				FC994BA82A2F2E7C003702C8 /* Assets.xcassets */,
				FC994BAA2A2F2E7C003702C8 /* LaunchScreen.storyboard */,
				FC994BAD2A2F2E7C003702C8 /* Info.plist */,
			);
			path = OnTheMap;
			sourceTree = "<group>";
		};
		FC994BB32A2F2FCD003702C8 /* OTMRequest */ = {
			isa = PBXGroup;
			children = (
				FC994BC12A2F3FB3003702C8 /* PostStudent.swift */,
				FC518BC72A35DE0B005C23BD /* LoginRequest.swift */,
			);
			path = OTMRequest;
			sourceTree = "<group>";
		};
		FC994BB42A2F302B003702C8 /* OTMClient */ = {
			isa = PBXGroup;
			children = (
				FC994BB52A2F304F003702C8 /* OTMClient.swift */,
				FCA9CA692A439422007471C0 /* OTMHttpClient.swift */,
				FC23D8772A45B1FC0025A082 /* LoginError.swift */,
				FC23D8792A45BC260025A082 /* Reachability.swift */,
			);
			path = OTMClient;
			sourceTree = "<group>";
		};
		FC994BB72A2F342D003702C8 /* OTMResponse */ = {
			isa = PBXGroup;
			children = (
				FC994BB82A2F3447003702C8 /* StudentsResult.swift */,
				FC994BBA2A2F3479003702C8 /* Student.swift */,
				FC994BBF2A2F3E13003702C8 /* OTMPostResponse.swift */,
				FC994BC32A2F8000003702C8 /* OTMPutResponse.swift */,
				FC518BC92A35DEE0005C23BD /* SessionResponse.swift */,
			);
			path = OTMResponse;
			sourceTree = "<group>";
		};
		FCA77E252A44615500384803 /* Data */ = {
			isa = PBXGroup;
			children = (
				FC994BBC2A2F3C2F003702C8 /* StudentModel.swift */,
				FC4A4EC02A4C34FE00367318 /* User.swift */,
			);
			path = Data;
			sourceTree = "<group>";
		};
/* End PBXGroup section */

/* Begin PBXNativeTarget section */
		FC994B9B2A2F2E78003702C8 /* OnTheMap */ = {
			isa = PBXNativeTarget;
			buildConfigurationList = FC994BB02A2F2E7C003702C8 /* Build configuration list for PBXNativeTarget "OnTheMap" */;
			buildPhases = (
				FC994B982A2F2E78003702C8 /* Sources */,
				FC994B992A2F2E78003702C8 /* Frameworks */,
				FC994B9A2A2F2E78003702C8 /* Resources */,
			);
			buildRules = (
			);
			dependencies = (
			);
			name = OnTheMap;
			packageProductDependencies = (
				FC4A4ECE2A4CA38B00367318 /* Reachability */,
			);
			productName = OnTheMap;
			productReference = FC994B9C2A2F2E78003702C8 /* OnTheMap.app */;
			productType = "com.apple.product-type.application";
		};
/* End PBXNativeTarget section */

/* Begin PBXProject section */
		FC994B942A2F2E78003702C8 /* Project object */ = {
			isa = PBXProject;
			attributes = {
				BuildIndependentTargetsInParallel = 1;
				LastSwiftUpdateCheck = 1430;
				LastUpgradeCheck = 1430;
				TargetAttributes = {
					FC994B9B2A2F2E78003702C8 = {
						CreatedOnToolsVersion = 14.3.1;
					};
				};
			};
			buildConfigurationList = FC994B972A2F2E78003702C8 /* Build configuration list for PBXProject "OnTheMap" */;
			compatibilityVersion = "Xcode 14.0";
			developmentRegion = en;
			hasScannedForEncodings = 0;
			knownRegions = (
				en,
				Base,
			);
			mainGroup = FC994B932A2F2E78003702C8;
			packageReferences = (
				FC4A4ECD2A4CA38B00367318 /* XCRemoteSwiftPackageReference "Reachability" */,
			);
			productRefGroup = FC994B9D2A2F2E78003702C8 /* Products */;
			projectDirPath = "";
			projectRoot = "";
			targets = (
				FC994B9B2A2F2E78003702C8 /* OnTheMap */,
			);
		};
/* End PBXProject section */

/* Begin PBXResourcesBuildPhase section */
		FC994B9A2A2F2E78003702C8 /* Resources */ = {
			isa = PBXResourcesBuildPhase;
			buildActionMask = 2147483647;
			files = (
				FC994BAC2A2F2E7C003702C8 /* LaunchScreen.storyboard in Resources */,
				FC994BA92A2F2E7C003702C8 /* Assets.xcassets in Resources */,
				FC994BA72A2F2E78003702C8 /* Main.storyboard in Resources */,
			);
			runOnlyForDeploymentPostprocessing = 0;
		};
/* End PBXResourcesBuildPhase section */

/* Begin PBXSourcesBuildPhase section */
		FC994B982A2F2E78003702C8 /* Sources */ = {
			isa = PBXSourcesBuildPhase;
			buildActionMask = 2147483647;
			files = (
				FC994BBD2A2F3C2F003702C8 /* StudentModel.swift in Sources */,
				FC4A4EC32A4C40B600367318 /* TextFieldDelegate.swift in Sources */,
				FC994BBB2A2F3479003702C8 /* Student.swift in Sources */,
				FC994BC02A2F3E13003702C8 /* OTMPostResponse.swift in Sources */,
				FC994BB62A2F304F003702C8 /* OTMClient.swift in Sources */,
				FC994BA02A2F2E78003702C8 /* AppDelegate.swift in Sources */,
				FC994BC22A2F3FB3003702C8 /* PostStudent.swift in Sources */,
				FC23D8782A45B1FC0025A082 /* LoginError.swift in Sources */,
				FC4A4EC52A4C762A00367318 /* NewLocationViewController.swift in Sources */,
				FC9002AD2A42F5E600F90E0D /* StudentTVController.swift in Sources */,
				FC994BC42A2F8000003702C8 /* OTMPutResponse.swift in Sources */,
				FC994BA22A2F2E78003702C8 /* SceneDelegate.swift in Sources */,
				FCA9CA6A2A439422007471C0 /* OTMHttpClient.swift in Sources */,
				FC994BB92A2F3447003702C8 /* StudentsResult.swift in Sources */,
				FC4A4EC72A4C766E00367318 /* SubmittedNewLocationViewController.swift in Sources */,
				FC518BC82A35DE0B005C23BD /* LoginRequest.swift in Sources */,
				FC23D87A2A45BC260025A082 /* Reachability.swift in Sources */,
				FC4A4EC12A4C34FE00367318 /* User.swift in Sources */,
				FCAA61322A419F6B00852439 /* LoginViewController.swift in Sources */,
				FCA9CA6C2A44487C007471C0 /* MapStudentController.swift in Sources */,
				FC518BCA2A35DEE0005C23BD /* SessionResponse.swift in Sources */,
			);
			runOnlyForDeploymentPostprocessing = 0;
		};
/* End PBXSourcesBuildPhase section */

/* Begin PBXVariantGroup section */
		FC994BA52A2F2E78003702C8 /* Main.storyboard */ = {
			isa = PBXVariantGroup;
			children = (
				FC994BA62A2F2E78003702C8 /* Base */,
			);
			name = Main.storyboard;
			sourceTree = "<group>";
		};
		FC994BAA2A2F2E7C003702C8 /* LaunchScreen.storyboard */ = {
			isa = PBXVariantGroup;
			children = (
				FC994BAB2A2F2E7C003702C8 /* Base */,
			);
			name = LaunchScreen.storyboard;
			sourceTree = "<group>";
		};
/* End PBXVariantGroup section */

/* Begin XCBuildConfiguration section */
		FC994BAE2A2F2E7C003702C8 /* Debug */ = {
			isa = XCBuildConfiguration;
			buildSettings = {
				ALWAYS_SEARCH_USER_PATHS = NO;
				CLANG_ANALYZER_NONNULL = YES;
				CLANG_ANALYZER_NUMBER_OBJECT_CONVERSION = YES_AGGRESSIVE;
				CLANG_CXX_LANGUAGE_STANDARD = "gnu++20";
				CLANG_ENABLE_MODULES = YES;
				CLANG_ENABLE_OBJC_ARC = YES;
				CLANG_ENABLE_OBJC_WEAK = YES;
				CLANG_WARN_BLOCK_CAPTURE_AUTORELEASING = YES;
				CLANG_WARN_BOOL_CONVERSION = YES;
				CLANG_WARN_COMMA = YES;
				CLANG_WARN_CONSTANT_CONVERSION = YES;
				CLANG_WARN_DEPRECATED_OBJC_IMPLEMENTATIONS = YES;
				CLANG_WARN_DIRECT_OBJC_ISA_USAGE = YES_ERROR;
				CLANG_WARN_DOCUMENTATION_COMMENTS = YES;
				CLANG_WARN_EMPTY_BODY = YES;
				CLANG_WARN_ENUM_CONVERSION = YES;
				CLANG_WARN_INFINITE_RECURSION = YES;
				CLANG_WARN_INT_CONVERSION = YES;
				CLANG_WARN_NON_LITERAL_NULL_CONVERSION = YES;
				CLANG_WARN_OBJC_IMPLICIT_RETAIN_SELF = YES;
				CLANG_WARN_OBJC_LITERAL_CONVERSION = YES;
				CLANG_WARN_OBJC_ROOT_CLASS = YES_ERROR;
				CLANG_WARN_QUOTED_INCLUDE_IN_FRAMEWORK_HEADER = YES;
				CLANG_WARN_RANGE_LOOP_ANALYSIS = YES;
				CLANG_WARN_STRICT_PROTOTYPES = YES;
				CLANG_WARN_SUSPICIOUS_MOVE = YES;
				CLANG_WARN_UNGUARDED_AVAILABILITY = YES_AGGRESSIVE;
				CLANG_WARN_UNREACHABLE_CODE = YES;
				CLANG_WARN__DUPLICATE_METHOD_MATCH = YES;
				COPY_PHASE_STRIP = NO;
				DEBUG_INFORMATION_FORMAT = dwarf;
				ENABLE_STRICT_OBJC_MSGSEND = YES;
				ENABLE_TESTABILITY = YES;
				GCC_C_LANGUAGE_STANDARD = gnu11;
				GCC_DYNAMIC_NO_PIC = NO;
				GCC_NO_COMMON_BLOCKS = YES;
				GCC_OPTIMIZATION_LEVEL = 0;
				GCC_PREPROCESSOR_DEFINITIONS = (
					"DEBUG=1",
					"$(inherited)",
				);
				GCC_WARN_64_TO_32_BIT_CONVERSION = YES;
				GCC_WARN_ABOUT_RETURN_TYPE = YES_ERROR;
				GCC_WARN_UNDECLARED_SELECTOR = YES;
				GCC_WARN_UNINITIALIZED_AUTOS = YES_AGGRESSIVE;
				GCC_WARN_UNUSED_FUNCTION = YES;
				GCC_WARN_UNUSED_VARIABLE = YES;
				IPHONEOS_DEPLOYMENT_TARGET = 16.4;
				MTL_ENABLE_DEBUG_INFO = INCLUDE_SOURCE;
				MTL_FAST_MATH = YES;
				ONLY_ACTIVE_ARCH = YES;
				SDKROOT = iphoneos;
				SWIFT_ACTIVE_COMPILATION_CONDITIONS = DEBUG;
				SWIFT_OPTIMIZATION_LEVEL = "-Onone";
			};
			name = Debug;
		};
		FC994BAF2A2F2E7C003702C8 /* Release */ = {
			isa = XCBuildConfiguration;
			buildSettings = {
				ALWAYS_SEARCH_USER_PATHS = NO;
				CLANG_ANALYZER_NONNULL = YES;
				CLANG_ANALYZER_NUMBER_OBJECT_CONVERSION = YES_AGGRESSIVE;
				CLANG_CXX_LANGUAGE_STANDARD = "gnu++20";
				CLANG_ENABLE_MODULES = YES;
				CLANG_ENABLE_OBJC_ARC = YES;
				CLANG_ENABLE_OBJC_WEAK = YES;
				CLANG_WARN_BLOCK_CAPTURE_AUTORELEASING = YES;
				CLANG_WARN_BOOL_CONVERSION = YES;
				CLANG_WARN_COMMA = YES;
				CLANG_WARN_CONSTANT_CONVERSION = YES;
				CLANG_WARN_DEPRECATED_OBJC_IMPLEMENTATIONS = YES;
				CLANG_WARN_DIRECT_OBJC_ISA_USAGE = YES_ERROR;
				CLANG_WARN_DOCUMENTATION_COMMENTS = YES;
				CLANG_WARN_EMPTY_BODY = YES;
				CLANG_WARN_ENUM_CONVERSION = YES;
				CLANG_WARN_INFINITE_RECURSION = YES;
				CLANG_WARN_INT_CONVERSION = YES;
				CLANG_WARN_NON_LITERAL_NULL_CONVERSION = YES;
				CLANG_WARN_OBJC_IMPLICIT_RETAIN_SELF = YES;
				CLANG_WARN_OBJC_LITERAL_CONVERSION = YES;
				CLANG_WARN_OBJC_ROOT_CLASS = YES_ERROR;
				CLANG_WARN_QUOTED_INCLUDE_IN_FRAMEWORK_HEADER = YES;
				CLANG_WARN_RANGE_LOOP_ANALYSIS = YES;
				CLANG_WARN_STRICT_PROTOTYPES = YES;
				CLANG_WARN_SUSPICIOUS_MOVE = YES;
				CLANG_WARN_UNGUARDED_AVAILABILITY = YES_AGGRESSIVE;
				CLANG_WARN_UNREACHABLE_CODE = YES;
				CLANG_WARN__DUPLICATE_METHOD_MATCH = YES;
				COPY_PHASE_STRIP = NO;
				DEBUG_INFORMATION_FORMAT = "dwarf-with-dsym";
				ENABLE_NS_ASSERTIONS = NO;
				ENABLE_STRICT_OBJC_MSGSEND = YES;
				GCC_C_LANGUAGE_STANDARD = gnu11;
				GCC_NO_COMMON_BLOCKS = YES;
				GCC_WARN_64_TO_32_BIT_CONVERSION = YES;
				GCC_WARN_ABOUT_RETURN_TYPE = YES_ERROR;
				GCC_WARN_UNDECLARED_SELECTOR = YES;
				GCC_WARN_UNINITIALIZED_AUTOS = YES_AGGRESSIVE;
				GCC_WARN_UNUSED_FUNCTION = YES;
				GCC_WARN_UNUSED_VARIABLE = YES;
				IPHONEOS_DEPLOYMENT_TARGET = 16.4;
				MTL_ENABLE_DEBUG_INFO = NO;
				MTL_FAST_MATH = YES;
				SDKROOT = iphoneos;
				SWIFT_COMPILATION_MODE = wholemodule;
				SWIFT_OPTIMIZATION_LEVEL = "-O";
				VALIDATE_PRODUCT = YES;
			};
			name = Release;
		};
		FC994BB12A2F2E7C003702C8 /* Debug */ = {
			isa = XCBuildConfiguration;
			buildSettings = {
				ASSETCATALOG_COMPILER_APPICON_NAME = AppIcon;
				ASSETCATALOG_COMPILER_GLOBAL_ACCENT_COLOR_NAME = AccentColor;
				CODE_SIGN_STYLE = Automatic;
				CURRENT_PROJECT_VERSION = 1;
				DEVELOPMENT_TEAM = 6U5TN43STZ;
				GENERATE_INFOPLIST_FILE = YES;
				INFOPLIST_FILE = OnTheMap/Info.plist;
				INFOPLIST_KEY_UIApplicationSupportsIndirectInputEvents = YES;
				INFOPLIST_KEY_UILaunchStoryboardName = LaunchScreen;
				INFOPLIST_KEY_UIMainStoryboardFile = Main;
				INFOPLIST_KEY_UISupportedInterfaceOrientations_iPad = "UIInterfaceOrientationPortrait UIInterfaceOrientationPortraitUpsideDown UIInterfaceOrientationLandscapeLeft UIInterfaceOrientationLandscapeRight";
				INFOPLIST_KEY_UISupportedInterfaceOrientations_iPhone = "UIInterfaceOrientationPortrait UIInterfaceOrientationLandscapeLeft UIInterfaceOrientationLandscapeRight";
				LD_RUNPATH_SEARCH_PATHS = (
					"$(inherited)",
					"@executable_path/Frameworks",
				);
				MARKETING_VERSION = 1.0;
				PRODUCT_BUNDLE_IDENTIFIER = com.joaoponte.OnTheMap;
				PRODUCT_NAME = "$(TARGET_NAME)";
				SWIFT_EMIT_LOC_STRINGS = YES;
				SWIFT_VERSION = 5.0;
				TARGETED_DEVICE_FAMILY = "1,2";
			};
			name = Debug;
		};
		FC994BB22A2F2E7C003702C8 /* Release */ = {
			isa = XCBuildConfiguration;
			buildSettings = {
				ASSETCATALOG_COMPILER_APPICON_NAME = AppIcon;
				ASSETCATALOG_COMPILER_GLOBAL_ACCENT_COLOR_NAME = AccentColor;
				CODE_SIGN_STYLE = Automatic;
				CURRENT_PROJECT_VERSION = 1;
				DEVELOPMENT_TEAM = 6U5TN43STZ;
				GENERATE_INFOPLIST_FILE = YES;
				INFOPLIST_FILE = OnTheMap/Info.plist;
				INFOPLIST_KEY_UIApplicationSupportsIndirectInputEvents = YES;
				INFOPLIST_KEY_UILaunchStoryboardName = LaunchScreen;
				INFOPLIST_KEY_UIMainStoryboardFile = Main;
				INFOPLIST_KEY_UISupportedInterfaceOrientations_iPad = "UIInterfaceOrientationPortrait UIInterfaceOrientationPortraitUpsideDown UIInterfaceOrientationLandscapeLeft UIInterfaceOrientationLandscapeRight";
				INFOPLIST_KEY_UISupportedInterfaceOrientations_iPhone = "UIInterfaceOrientationPortrait UIInterfaceOrientationLandscapeLeft UIInterfaceOrientationLandscapeRight";
				LD_RUNPATH_SEARCH_PATHS = (
					"$(inherited)",
					"@executable_path/Frameworks",
				);
				MARKETING_VERSION = 1.0;
				PRODUCT_BUNDLE_IDENTIFIER = com.joaoponte.OnTheMap;
				PRODUCT_NAME = "$(TARGET_NAME)";
				SWIFT_EMIT_LOC_STRINGS = YES;
				SWIFT_VERSION = 5.0;
				TARGETED_DEVICE_FAMILY = "1,2";
			};
			name = Release;
		};
/* End XCBuildConfiguration section */

/* Begin XCConfigurationList section */
		FC994B972A2F2E78003702C8 /* Build configuration list for PBXProject "OnTheMap" */ = {
			isa = XCConfigurationList;
			buildConfigurations = (
				FC994BAE2A2F2E7C003702C8 /* Debug */,
				FC994BAF2A2F2E7C003702C8 /* Release */,
			);
			defaultConfigurationIsVisible = 0;
			defaultConfigurationName = Release;
		};
		FC994BB02A2F2E7C003702C8 /* Build configuration list for PBXNativeTarget "OnTheMap" */ = {
			isa = XCConfigurationList;
			buildConfigurations = (
				FC994BB12A2F2E7C003702C8 /* Debug */,
				FC994BB22A2F2E7C003702C8 /* Release */,
			);
			defaultConfigurationIsVisible = 0;
			defaultConfigurationName = Release;
		};
/* End XCConfigurationList section */

/* Begin XCRemoteSwiftPackageReference section */
		FC4A4ECD2A4CA38B00367318 /* XCRemoteSwiftPackageReference "Reachability" */ = {
			isa = XCRemoteSwiftPackageReference;
			repositoryURL = "https://github.com/ashleymills/Reachability.swift";
			requirement = {
				branch = master;
				kind = branch;
			};
		};
/* End XCRemoteSwiftPackageReference section */

/* Begin XCSwiftPackageProductDependency section */
		FC4A4ECE2A4CA38B00367318 /* Reachability */ = {
			isa = XCSwiftPackageProductDependency;
			package = FC4A4ECD2A4CA38B00367318 /* XCRemoteSwiftPackageReference "Reachability" */;
			productName = Reachability;
		};
/* End XCSwiftPackageProductDependency section */
	};
	rootObject = FC994B942A2F2E78003702C8 /* Project object */;
}
